
Microsoft Visual Studio Solution File, Format Version 12.00
# Visual Studio Version 16
VisualStudioVersion = 16.0.31605.320
MinimumVisualStudioVersion = 10.0.40219.1
Project("{FAE04EC0-301F-11D3-BF4B-00C04F79EFBC}") = "CRD", "CRD\CRD.csproj", "{BF1480D3-8779-4696-9098-39B871E5EBD5}"
EndProject
Global
	GlobalSection(SolutionConfigurationPlatforms) = preSolution
		Debug|Any CPU = Debug|Any CPU
		Release|Any CPU = Release|Any CPU
	EndGlobalSection
	GlobalSection(ProjectConfigurationPlatforms) = postSolution
		{BF1480D3-8779-4696-9098-39B871E5EBD5}.Debug|Any CPU.ActiveCfg = Debug|Any CPU
		{BF1480D3-8779-4696-9098-39B871E5EBD5}.Debug|Any CPU.Build.0 = Debug|Any CPU
		{BF1480D3-8779-4696-9098-39B871E5EBD5}.Release|Any CPU.ActiveCfg = Release|Any CPU
		{BF1480D3-8779-4696-9098-39B871E5EBD5}.Release|Any CPU.Build.0 = Release|Any CPU
	EndGlobalSection
	GlobalSection(SolutionProperties) = preSolution
		HideSolutionNode = FALSE
	EndGlobalSection
	GlobalSection(ExtensibilityGlobals) = postSolution
		SolutionGuid = {AFC7F56F-219D-4C1D-ACB2-2D4325237E02}
	EndGlobalSection
EndGlobal
